{
    "_meta": {
        "hash": {
            "sha256": "a1b2c3d4e5f6789012345678901234567890abcdef1234567890abcdef123456"
        },
        "pipfile-spec": 6,
        "requires": {
            "python_version": "3.9"
        },
        "sources": [
            {
                "name": "pypi",
                "url": "https://pypi.org/simple",
                "verify_ssl": true
            }
        ]
    },
    "default": {
        "ansible": {
            "hashes": [
                "sha256:1234567890abcdef1234567890abcdef1234567890abcdef1234567890abcdef",
                "sha256:abcdef1234567890abcdef1234567890abcdef1234567890abcdef1234567890"
            ],
            "index": "pypi",
            "version": "==7.7.1"
        },
        "ansible-core": {
            "hashes": [
                "sha256:2345678901bcdef2345678901bcdef2345678901bcdef2345678901bcdef",
                "sha256:bcdef2345678901bcdef2345678901bcdef2345678901bcdef2345678901"
            ],
            "index": "pypi",
            "version": "==2.14.7"
        },
        "boto3": {
            "hashes": [
                "sha256:3456789012cdef3456789012cdef3456789012cdef3456789012cdef",
                "sha256:cdef3456789012cdef3456789012cdef3456789012cdef3456789012"
            ],
            "index": "pypi",
            "version": "==1.28.44"
        },
        "botocore": {
            "hashes": [
                "sha256:4567890123def4567890123def4567890123def4567890123def",
                "sha256:def4567890123def4567890123def4567890123def4567890123"
            ],
            "index": "pypi",
            "version": "==1.31.44"
        },
        "cryptography": {
            "hashes": [
                "sha256:5678901234ef5678901234ef5678901234ef5678901234ef",
                "sha256:ef5678901234ef5678901234ef5678901234ef5678901234"
            ],
            "index": "pypi",
            "version": "==41.0.4"
        },
        "jinja2": {
            "hashes": [
                "sha256:6789012345f6789012345f6789012345f6789012345f",
                "sha256:f6789012345f6789012345f6789012345f6789012345"
            ],
            "index": "pypi",
            "version": "==3.1.2"
        },
        "pyyaml": {
            "hashes": [
                "sha256:7890123456f7890123456f7890123456f7890123456f",
                "sha256:f7890123456f7890123456f7890123456f7890123456"
            ],
            "index": "pypi",
            "version": "==6.0.1"
        },
        "requests": {
            "hashes": [
                "sha256:8901234567f8901234567f8901234567f8901234567f",
                "sha256:f8901234567f8901234567f8901234567f8901234567"
            ],
            "index": "pypi",
            "version": "==2.31.0"
        }
    },
    "develop": {
        "black": {
            "hashes": [
                "sha256:9012345678f9012345678f9012345678f9012345678f",
                "sha256:f9012345678f9012345678f9012345678f9012345678"
            ],
            "index": "pypi",
            "version": "==23.7.0"
        },
        "flake8": {
            "hashes": [
                "sha256:0123456789f0123456789f0123456789f0123456789f",
                "sha256:f0123456789f0123456789f0123456789f0123456789"
            ],
            "index": "pypi",
            "version": "==6.0.0"
        },
        "mypy": {
            "hashes": [
                "sha256:1234567890f1234567890f1234567890f1234567890f",
                "sha256:f1234567890f1234567890f1234567890f1234567890"
            ],
            "index": "pypi",
            "version": "==1.5.1"
        },
        "pre-commit": {
            "hashes": [
                "sha256:2345678901f2345678901f2345678901f2345678901f",
                "sha256:f2345678901f2345678901f2345678901f2345678901"
            ],
            "index": "pypi",
            "version": "==3.3.3"
        },
        "pytest": {
            "hashes": [
                "sha256:3456789012f3456789012f3456789012f3456789012f",
                "sha256:f3456789012f3456789012f3456789012f3456789012"
            ],
            "index": "pypi",
            "version": "==7.4.0"
        },
        "pytest-cov": {
            "hashes": [
                "sha256:4567890123f4567890123f4567890123f4567890123f",
                "sha256:f4567890123f4567890123f4567890123f4567890123"
            ],
            "index": "pypi",
            "version": "==4.1.0"
        },
        "sphinx": {
            "hashes": [
                "sha256:5678901234f5678901234f5678901234f5678901234f",
                "sha256:f5678901234f5678901234f5678901234f5678901234"
            ],
            "index": "pypi",
            "version": "==7.1.2"
        },
        "sphinx-rtd-theme": {
            "hashes": [
                "sha256:6789012345f6789012345f6789012345f6789012345f",
                "sha256:f6789012345f6789012345f6789012345f6789012345"
            ],
            "index": "pypi",
            "version": "==1.3.0"
        }
    }
}
