{
    "_meta": {
        "hash": {
            "sha256": "a1b2c3d4e5f6789012345678901234567890abcdef1234567890abcdef123456"
        },
        "pipfile-spec": 6,
        "requires": {
            "python_version": "3.9"
        },
        "sources": [
            {
                "name": "pypi",
                "url": "https://pypi.org/simple",
                "verify_ssl": true
            }
        ]
    },
    "default": {
        "ansible": {
            "hashes": [
                "sha256:1234567890abcdef1234567890abcdef1234567890abcdef1234567890abcdef",
                "sha256:abcdef1234567890abcdef1234567890abcdef1234567890abcdef1234567890"
            ],
            "index": "pypi",
            "version": "==8.6.1"
        },
        "ansible-core": {
            "hashes": [
                "sha256:abcdef1234567890abcdef1234567890abcdef1234567890abcdef1234567890",
                "sha256:1234567890abcdef1234567890abcdef1234567890abcdef1234567890abcdef"
            ],
            "index": "pypi",
            "version": "==2.16.2"
        },
        "boto3": {
            "hashes": [
                "sha256:1234567890abcdef1234567890abcdef1234567890abcdef1234567890abcdef",
                "sha256:abcdef1234567890abcdef1234567890abcdef1234567890abcdef1234567890"
            ],
            "index": "pypi",
            "version": "==1.34.34"
        },
        "botocore": {
            "hashes": [
                "sha256:abcdef1234567890abcdef1234567890abcdef1234567890abcdef1234567890",
                "sha256:1234567890abcdef1234567890abcdef1234567890abcdef1234567890abcdef"
            ],
            "index": "pypi",
            "version": "==1.34.34"
        },
        "cryptography": {
            "hashes": [
                "sha256:1234567890abcdef1234567890abcdef1234567890abcdef1234567890abcdef",
                "sha256:abcdef1234567890abcdef1234567890abcdef1234567890abcdef1234567890"
            ],
            "index": "pypi",
            "version": "==41.0.8"
        },
        "jinja2": {
            "hashes": [
                "sha256:abcdef1234567890abcdef1234567890abcdef1234567890abcdef1234567890",
                "sha256:1234567890abcdef1234567890abcdef1234567890abcdef1234567890abcdef"
            ],
            "index": "pypi",
            "version": "==3.1.2"
        },
        "pyyaml": {
            "hashes": [
                "sha256:1234567890abcdef1234567890abcdef1234567890abcdef1234567890abcdef",
                "sha256:abcdef1234567890abcdef1234567890abcdef1234567890abcdef1234567890"
            ],
            "index": "pypi",
            "version": "==6.0.1"
        },
        "requests": {
            "hashes": [
                "sha256:abcdef1234567890abcdef1234567890abcdef1234567890abcdef1234567890",
                "sha256:1234567890abcdef1234567890abcdef1234567890abcdef1234567890abcdef"
            ],
            "index": "pypi",
            "version": "==2.31.0"
        }
    },
    "develop": {
        "black": {
            "hashes": [
                "sha256:1234567890abcdef1234567890abcdef1234567890abcdef1234567890abcdef",
                "sha256:abcdef1234567890abcdef1234567890abcdef1234567890abcdef1234567890"
            ],
            "index": "pypi",
            "version": "==23.12.1"
        },
        "flake8": {
            "hashes": [
                "sha256:abcdef1234567890abcdef1234567890abcdef1234567890abcdef1234567890",
                "sha256:1234567890abcdef1234567890abcdef1234567890abcdef1234567890abcdef"
            ],
            "index": "pypi",
            "version": "==7.0.0"
        },
        "mypy": {
            "hashes": [
                "sha256:1234567890abcdef1234567890abcdef1234567890abcdef1234567890abcdef",
                "sha256:abcdef1234567890abcdef1234567890abcdef1234567890abcdef1234567890"
            ],
            "index": "pypi",
            "version": "==1.8.0"
        },
        "pre-commit": {
            "hashes": [
                "sha256:abcdef1234567890abcdef1234567890abcdef1234567890abcdef1234567890",
                "sha256:1234567890abcdef1234567890abcdef1234567890abcdef1234567890abcdef"
            ],
            "index": "pypi",
            "version": "==3.6.0"
        },
        "pytest": {
            "hashes": [
                "sha256:1234567890abcdef1234567890abcdef1234567890abcdef1234567890abcdef",
                "sha256:abcdef1234567890abcdef1234567890abcdef1234567890abcdef1234567890"
            ],
            "index": "pypi",
            "version": "==7.4.4"
        },
        "pytest-cov": {
            "hashes": [
                "sha256:abcdef1234567890abcdef1234567890abcdef1234567890abcdef1234567890",
                "sha256:1234567890abcdef1234567890abcdef1234567890abcdef1234567890abcdef"
            ],
            "index": "pypi",
            "version": "==4.1.0"
        },
        "sphinx": {
            "hashes": [
                "sha256:1234567890abcdef1234567890abcdef1234567890abcdef1234567890abcdef",
                "sha256:abcdef1234567890abcdef1234567890abcdef1234567890abcdef1234567890"
            ],
            "index": "pypi",
            "version": "==7.2.6"
        },
        "sphinx-rtd-theme": {
            "hashes": [
                "sha256:abcdef1234567890abcdef1234567890abcdef1234567890abcdef1234567890",
                "sha256:1234567890abcdef1234567890abcdef1234567890abcdef1234567890abcdef"
            ],
            "index": "pypi",
            "version": "==2.0.0"
        }
    }
}
